
Microsoft Visual Studio Solution File, Format Version 12.00
# Visual Studio Version 16
VisualStudioVersion = 16.0.31112.23
MinimumVisualStudioVersion = 10.0.40219.1
Project("{FAE04EC0-301F-11D3-BF4B-00C04F79EFBC}") = "Multiplayer", "Multiplayer\Multiplayer.csproj", "{51A52181-DBFA-43E9-A724-25DDA0343DBA}"
EndProject
Global
	GlobalSection(SolutionConfigurationPlatforms) = preSolution
		Debug|Any CPU = Debug|Any CPU
		Release|Any CPU = Release|Any CPU
	EndGlobalSection
	GlobalSection(ProjectConfigurationPlatforms) = postSolution
		{51A52181-DBFA-43E9-A724-25DDA0343DBA}.Debug|Any CPU.ActiveCfg = Debug|Any CPU
		{51A52181-DBFA-43E9-A724-25DDA0343DBA}.Debug|Any CPU.Build.0 = Debug|Any CPU
		{51A52181-DBFA-43E9-A724-25DDA0343DBA}.Release|Any CPU.ActiveCfg = Release|Any CPU
		{51A52181-DBFA-43E9-A724-25DDA0343DBA}.Release|Any CPU.Build.0 = Release|Any CPU
	EndGlobalSection
	GlobalSection(SolutionProperties) = preSolution
		HideSolutionNode = FALSE
	EndGlobalSection
	GlobalSection(ExtensibilityGlobals) = postSolution
		SolutionGuid = {107268ED-7AD6-4205-859D-7AB14A1B3FE7}
	EndGlobalSection
EndGlobal
